<?xml version="1.0" encoding="UTF-8" standalone="yes" ?>
<CodeBlocks_project_file>
	<FileVersion major="1" minor="6" />
	<Project>
		<Option title="Quadcopter" />
		<Option makefile_is_custom="1" />
		<Option pch_mode="2" />
		<Option compiler="gnu_arm_gcc_compiler_for_mbed" />
		<MakeCommands>
			<Build command="" />
			<CompileFile command="" />
			<Clean command="" />
			<DistClean command="" />
			<AskRebuildNeeded command="" />
			<SilentBuild command=" &gt; $(CMD_NULL)" />
		</MakeCommands>
		<Build>
			<Target title="Release">
				<Option output="Quadcopter" prefix_auto="1" extension_auto="1" />
				<Option object_output="obj/Release/" />
				<Option type="1" />
				<Option compiler="null" />
				<Compiler>
					<Add option="-Os" />
				</Compiler>
				<Linker>
					<Add option="-s" />
				</Linker>
				<ExtraCommands>
					<Add before="make" />
					<Mode after="always" />
				</ExtraCommands>
				<MakeCommands>
					<Build command="make " />
					<CompileFile command="make $file" />
					<Clean command="make clean" />
					<DistClean command="$make -f $makefile distclean$target" />
					<AskRebuildNeeded command="make -q" />
					<SilentBuild command="make  &gt; $(CMD_NULL)" />
				</MakeCommands>
			</Target>
		</Build>
		<Unit filename="Makefile" />
		<Unit filename="include/gtimer.h" />
		<Unit filename="include/matrix.h" />
		<Unit filename="include/mbedio.h" />
		<Unit filename="include/ninedofsensor.h" />
		<Unit filename="include/scheduler.h" />
		<Unit filename="include/sensor.h" />
		<Unit filename="include/vector.h" />
		<Unit filename="mbed2/AnalogIn.h" />
		<Unit filename="mbed2/AnalogOut.h" />
		<Unit filename="mbed2/Base.h" />
		<Unit filename="mbed2/BusIn.h" />
		<Unit filename="mbed2/BusInOut.h" />
		<Unit filename="mbed2/BusOut.h" />
		<Unit filename="mbed2/CAN.h" />
		<Unit filename="mbed2/DigitalIn.h" />
		<Unit filename="mbed2/DigitalInOut.h" />
		<Unit filename="mbed2/DigitalOut.h" />
		<Unit filename="mbed2/DirHandle.h" />
		<Unit filename="mbed2/Ethernet.h" />
		<Unit filename="mbed2/FileHandle.h" />
		<Unit filename="mbed2/FileLike.h" />
		<Unit filename="mbed2/FileSystemLike.h" />
		<Unit filename="mbed2/FunctionPointer.h" />
		<Unit filename="mbed2/I2C.h" />
		<Unit filename="mbed2/I2CSlave.h" />
		<Unit filename="mbed2/InterruptIn.h" />
		<Unit filename="mbed2/LPC1768/GCC_CS/LPC17xx.h" />
		<Unit filename="mbed2/LPC1768/GCC_CS/cmsis.h" />
		<Unit filename="mbed2/LPC1768/GCC_CS/cmsis_nvic.h" />
		<Unit filename="mbed2/LPC1768/GCC_CS/core_cm3.h" />
		<Unit filename="mbed2/LPC1768/GCC_CS/core_cmFunc.h" />
		<Unit filename="mbed2/LPC1768/GCC_CS/core_cmInstr.h" />
		<Unit filename="mbed2/LPC1768/GCC_CS/system_LPC17xx.h" />
		<Unit filename="mbed2/LocalFileSystem.h" />
		<Unit filename="mbed2/PeripheralNames.h" />
		<Unit filename="mbed2/PinNames.h" />
		<Unit filename="mbed2/PortIn.h" />
		<Unit filename="mbed2/PortInOut.h" />
		<Unit filename="mbed2/PortNames.h" />
		<Unit filename="mbed2/PortOut.h" />
		<Unit filename="mbed2/PwmOut.h" />
		<Unit filename="mbed2/SPI.h" />
		<Unit filename="mbed2/SPIHalfDuplex.h" />
		<Unit filename="mbed2/SPISlave.h" />
		<Unit filename="mbed2/Serial.h" />
		<Unit filename="mbed2/SerialHalfDuplex.h" />
		<Unit filename="mbed2/Stream.h" />
		<Unit filename="mbed2/Ticker.h" />
		<Unit filename="mbed2/Timeout.h" />
		<Unit filename="mbed2/Timer.h" />
		<Unit filename="mbed2/TimerEvent.h" />
		<Unit filename="mbed2/can_helper.h" />
		<Unit filename="mbed2/device.h" />
		<Unit filename="mbed2/error.h" />
		<Unit filename="mbed2/mbed.h" />
		<Unit filename="mbed2/mbed_interface.h" />
		<Unit filename="mbed2/platform.h" />
		<Unit filename="mbed2/rpc.h" />
		<Unit filename="mbed2/rtc_time.h" />
		<Unit filename="mbed2/wait_api.h" />
		<Unit filename="src/gtimer.cpp" />
		<Unit filename="src/main.cpp" />
		<Unit filename="src/mbedio.cpp" />
		<Unit filename="src/ninedofsensor.cpp" />
		<Unit filename="src/scheduler.cpp" />
		<Unit filename="src/sensor.cpp" />
		<Unit filename="src/vector.cpp" />
		<Extensions>
			<DoxyBlocks>
				<comment_style block="0" line="0" />
				<doxyfile_project />
				<doxyfile_build />
				<doxyfile_warnings />
				<doxyfile_output />
				<doxyfile_dot />
				<general />
			</DoxyBlocks>
			<envvars />
			<code_completion />
			<lib_finder disable_auto="1" />
			<debugger />
		</Extensions>
	</Project>
</CodeBlocks_project_file>
